{
  "name": "frc-tools",
  "version": "0.1.0",
  "lockfileVersion": 3,
  "requires": true,
  "packages": {
    "": {
      "name": "frc-tools",
      "version": "0.1.0",
      "license": "Apache-2.0",
      "workspaces": [
        "packages/*"
      ],
      "engines": {
        "node": ">=22.6"
      }
    },
    "node_modules/@courier/analytics": {
      "resolved": "packages/analytics",
      "link": true
    },
    "node_modules/@courier/ble": {
      "resolved": "packages/courier-ble",
      "link": true
    },
    "node_modules/@courier/bridge": {
      "resolved": "packages/courier-bridge",
      "link": true
    },
    "node_modules/@courier/capacitor": {
      "resolved": "packages/courier-capacitor",
      "link": true
    },
    "node_modules/@courier/cli": {
      "resolved": "packages/courier-cli",
      "link": true
    },
    "node_modules/@courier/core": {
      "resolved": "packages/courier-core",
      "link": true
    },
    "node_modules/@courier/ledger": {
      "resolved": "packages/ledger",
      "link": true
    },
    "node_modules/@courier/pairing": {
      "resolved": "packages/courier-pairing",
      "link": true
    },
    "node_modules/@courier/season-pack": {
      "resolved": "packages/season-pack",
      "link": true
    },
    "node_modules/@courier/transport": {
      "resolved": "packages/courier-transport",
      "link": true
    },
    "node_modules/@noble/curves": {
      "version": "1.9.7",
      "resolved": "https://registry.npmjs.org/@noble/curves/-/curves-1.9.7.tgz",
      "integrity": "sha512-gbKGcRUYIjA3/zCCNaWDciTMFI0dCkvou3TL8Zmy5Nc7sJ47a0jtOeZoTaMxkuqRo9cRhjOdZJXegxYE5FN/xw==",
      "license": "MIT",
      "dependencies": {
        "@noble/hashes": "1.8.0"
      },
      "engines": {
        "node": "^14.21.3 || >=16"
      },
      "funding": {
        "url": "https://paulmillr.com/funding/"
      }
    },
    "node_modules/@noble/hashes": {
      "version": "1.8.0",
      "resolved": "https://registry.npmjs.org/@noble/hashes/-/hashes-1.8.0.tgz",
      "integrity": "sha512-jCs9ldd7NwzpgXDIf6P3+NrHh9/sD6CQdxHyjQI+h/6rDNo88ypBxxz45UDuZHz9r3tNz7N/VInSVoVdtXEI4A==",
      "license": "MIT",
      "engines": {
        "node": "^14.21.3 || >=16"
      },
      "funding": {
        "url": "https://paulmillr.com/funding/"
      }
    },
    "packages/analytics": {
      "name": "@courier/analytics",
      "version": "0.1.0",
      "license": "Apache-2.0",
      "dependencies": {
        "@courier/core": "0.1.0"
      }
    },
    "packages/courier-ble": {
      "name": "@courier/ble",
      "version": "0.1.0",
      "license": "Apache-2.0",
      "dependencies": {
        "@courier/core": "0.1.0",
        "@courier/transport": "0.1.0"
      }
    },
    "packages/courier-bridge": {
      "name": "@courier/bridge",
      "version": "0.1.0",
      "license": "Apache-2.0",
      "dependencies": {
        "@courier/core": "0.1.0"
      }
    },
    "packages/courier-capacitor": {
      "name": "@courier/capacitor",
      "version": "0.1.0",
      "license": "Apache-2.0",
      "dependencies": {
        "@courier/ble": "0.1.0",
        "@courier/core": "0.1.0",
        "@courier/transport": "0.1.0"
      }
    },
    "packages/courier-cli": {
      "name": "@courier/cli",
      "version": "0.1.0",
      "license": "Apache-2.0",
      "dependencies": {
        "@courier/bridge": "0.1.0",
        "@courier/core": "0.1.0",
        "@courier/pairing": "0.1.0",
        "@courier/transport": "0.1.0"
      },
      "bin": {
        "courier": "src/main.ts"
      }
    },
    "packages/courier-core": {
      "name": "@courier/core",
      "version": "0.1.0",
      "license": "Apache-2.0",
      "dependencies": {
        "@noble/curves": "^1.9.0",
        "@noble/hashes": "^1.8.0"
      }
    },
    "packages/courier-pairing": {
      "name": "@courier/pairing",
      "version": "0.1.0",
      "license": "Apache-2.0",
      "dependencies": {
        "@courier/core": "0.1.0",
        "@noble/curves": "^1.9.0"
      }
    },
    "packages/courier-transport": {
      "name": "@courier/transport",
      "version": "0.1.0",
      "license": "Apache-2.0",
      "dependencies": {
        "@courier/core": "0.1.0"
      }
    },
    "packages/ledger": {
      "name": "@courier/ledger",
      "version": "0.1.0",
      "license": "Apache-2.0",
      "dependencies": {
        "@courier/analytics": "0.1.0",
        "@courier/core": "0.1.0"
      },
      "bin": {
        "ledger": "src/main.ts"
      }
    },
    "packages/season-pack": {
      "name": "@courier/season-pack",
      "version": "0.1.0",
      "license": "Apache-2.0",
      "dependencies": {
        "@courier/core": "0.1.0"
      }
    }
  }
}
